PODS:
  - DiezLoremIpsum (10.6.0)
  - lottie-ios (3.1.1)

DEPENDENCIES:
  - DiezLoremIpsum (from `../../design-language/build/diez-lorem-ipsum-ios`)
  - lottie-ios (= 3.1.1)

SPEC REPOS:
  trunk:
    - lottie-ios

EXTERNAL SOURCES:
  DiezLoremIpsum:
    :path: "../../design-language/build/diez-lorem-ipsum-ios"

SPEC CHECKSUMS:
  DiezLoremIpsum: 7724ab729c7660139b9ce8517d75c6552ac54735
  lottie-ios: 43a472d22b2dd2bed292cc4010c0b4d2e66d3ba8

PODFILE CHECKSUM: e5c3b3632397ca318a2592af6042f83bac0a6ddf

COCOAPODS: 1.10.0
